# generated by rye
# use `rye lock` or `rye sync` to update this lockfile
#
# last locked with the following flags:
#   pre: false
#   features: []
#   all-features: false
#   with-sources: false
#   generate-hashes: false
#   universal: false

-e file:.
black==24.4.2
    # via environmental-biophysics
click==8.1.7
    # via black
contourpy==1.2.1
    # via matplotlib
cycler==0.12.1
    # via matplotlib
environmental-biophysics==0.0.4
    # via solarradinterception
fonttools==4.53.1
    # via matplotlib
iniconfig==2.0.0
    # via pytest
kiwisolver==1.4.5
    # via matplotlib
matplotlib==3.9.1
    # via solarradinterception
mypy-extensions==1.0.0
    # via black
nodeenv==1.9.1
    # via pyright
numpy==2.0.1
    # via contourpy
    # via environmental-biophysics
    # via matplotlib
packaging==24.1
    # via black
    # via matplotlib
    # via pytest
pathspec==0.12.1
    # via black
pillow==10.4.0
    # via matplotlib
platformdirs==4.2.2
    # via black
pluggy==1.5.0
    # via pytest
pyparsing==3.1.2
    # via matplotlib
pyright==1.1.374
    # via environmental-biophysics
pytest==8.3.2
python-dateutil==2.9.0.post0
    # via matplotlib
six==1.16.0
    # via python-dateutil
